Microsoft Visual Studio Solution File, Format Version 12.00
# Visual Studio 2012
Project("{FAE04EC0-301F-11D3-BF4B-00C04F79EFBC}") = "BadCooking", "BadCooking.csproj", "{E8D5DEA5-B189-4C73-BC65-37137F894AFF}"
EndProject
Global
	GlobalSection(SolutionConfigurationPlatforms) = preSolution
	Debug|Any CPU = Debug|Any CPU
	ExportDebug|Any CPU = ExportDebug|Any CPU
	ExportRelease|Any CPU = ExportRelease|Any CPU
	EndGlobalSection
	GlobalSection(ProjectConfigurationPlatforms) = postSolution
		{E8D5DEA5-B189-4C73-BC65-37137F894AFF}.Debug|Any CPU.ActiveCfg = Debug|Any CPU
		{E8D5DEA5-B189-4C73-BC65-37137F894AFF}.Debug|Any CPU.Build.0 = Debug|Any CPU
		{E8D5DEA5-B189-4C73-BC65-37137F894AFF}.ExportDebug|Any CPU.ActiveCfg = ExportDebug|Any CPU
		{E8D5DEA5-B189-4C73-BC65-37137F894AFF}.ExportDebug|Any CPU.Build.0 = ExportDebug|Any CPU
		{E8D5DEA5-B189-4C73-BC65-37137F894AFF}.ExportRelease|Any CPU.ActiveCfg = ExportRelease|Any CPU
		{E8D5DEA5-B189-4C73-BC65-37137F894AFF}.ExportRelease|Any CPU.Build.0 = ExportRelease|Any CPU
	EndGlobalSection
EndGlobal
